<?xml version="1.0" encoding="utf-8"?>
<Project ToolsVersion="4.0" xmlns="http://schemas.microsoft.com/developer/msbuild/2003">
  <ItemGroup>
    <Filter Include="Source Files">
      <UniqueIdentifier>{2a1a7d8e-2153-405d-b8bc-a69cee14fce1}</UniqueIdentifier>
      <Extensions>cpp;c;cxx;rc;def;r;odl;idl;hpj;bat</Extensions>
    </Filter>
    <Filter Include="Header Files">
      <UniqueIdentifier>{865e97dd-dc71-41ab-aa8a-3e255d23071c}</UniqueIdentifier>
      <Extensions>h;hpp;hxx;hm;inl</Extensions>
    </Filter>
    <Filter Include="Resource Files">
      <UniqueIdentifier>{c94f76ba-6b87-4940-9dde-8fca360e4b63}</UniqueIdentifier>
      <Extensions>ico;cur;bmp;dlg;rc2;rct;bin;rgs;gif;jpg;jpeg;jpe</Extensions>
    </Filter>
  </ItemGroup>
  <ItemGroup>
    <ClCompile Include="CntrItem.cpp">
      <Filter>Source Files</Filter>
    </ClCompile>
    <ClCompile Include="DlgBackpropParameters.cpp">
      <Filter>Source Files</Filter>
    </ClCompile>
    <ClCompile Include="DlgCharacterImage.cpp">
      <Filter>Source Files</Filter>
    </ClCompile>
    <ClCompile Include="DlgNeuralNet.cpp">
      <Filter>Source Files</Filter>
    </ClCompile>
    <ClCompile Include="DlgResizeHelper.cpp">
      <Filter>Source Files</Filter>
    </ClCompile>
    <ClCompile Include="DlgTesting.cpp">
      <Filter>Source Files</Filter>
    </ClCompile>
    <ClCompile Include="DlgTestingParameters.cpp">
      <Filter>Source Files</Filter>
    </ClCompile>
    <ClCompile Include="MainFrm.cpp">
      <Filter>Source Files</Filter>
    </ClCompile>
    <ClCompile Include="MNist.cpp">
      <Filter>Source Files</Filter>
    </ClCompile>
    <ClCompile Include="MNistDoc.cpp">
      <Filter>Source Files</Filter>
    </ClCompile>
    <ClCompile Include="MNistView.cpp">
      <Filter>Source Files</Filter>
    </ClCompile>
    <ClCompile Include="NeuralNetwork.cpp">
      <Filter>Source Files</Filter>
    </ClCompile>
    <ClCompile Include="Preferences.cpp">
      <Filter>Source Files</Filter>
    </ClCompile>
    <ClCompile Include="StdAfx.cpp">
      <Filter>Source Files</Filter>
    </ClCompile>
    <ClCompile Include="TabbedControlPanel.cpp">
      <Filter>Source Files</Filter>
    </ClCompile>
    <ClCompile Include="WndCharImage.cpp">
      <Filter>Source Files</Filter>
    </ClCompile>
    <ClCompile Include="WndGraphicMSE.cpp">
      <Filter>Source Files</Filter>
    </ClCompile>
    <ClCompile Include="WndNeuronViewer.cpp">
      <Filter>Source Files</Filter>
    </ClCompile>
  </ItemGroup>
  <ItemGroup>
    <ResourceCompile Include="MNist.rc">
      <Filter>Source Files</Filter>
    </ResourceCompile>
  </ItemGroup>
  <ItemGroup>
    <ClInclude Include="CntrItem.h">
      <Filter>Header Files</Filter>
    </ClInclude>
    <ClInclude Include="DlgBackpropParameters.h">
      <Filter>Header Files</Filter>
    </ClInclude>
    <ClInclude Include="DlgCharacterImage.h">
      <Filter>Header Files</Filter>
    </ClInclude>
    <ClInclude Include="DlgNeuralNet.h">
      <Filter>Header Files</Filter>
    </ClInclude>
    <ClInclude Include="DlgResizeHelper.h">
      <Filter>Header Files</Filter>
    </ClInclude>
    <ClInclude Include="DlgTesting.h">
      <Filter>Header Files</Filter>
    </ClInclude>
    <ClInclude Include="DlgTestingParameters.h">
      <Filter>Header Files</Filter>
    </ClInclude>
    <ClInclude Include="MainFrm.h">
      <Filter>Header Files</Filter>
    </ClInclude>
    <ClInclude Include="MNist.h">
      <Filter>Header Files</Filter>
    </ClInclude>
    <ClInclude Include="MNistDoc.h">
      <Filter>Header Files</Filter>
    </ClInclude>
    <ClInclude Include="MNistView.h">
      <Filter>Header Files</Filter>
    </ClInclude>
    <ClInclude Include="NeuralNetwork.h">
      <Filter>Header Files</Filter>
    </ClInclude>
    <ClInclude Include="Preferences.h">
      <Filter>Header Files</Filter>
    </ClInclude>
    <ClInclude Include="Resource.h">
      <Filter>Header Files</Filter>
    </ClInclude>
    <ClInclude Include="StdAfx.h">
      <Filter>Header Files</Filter>
    </ClInclude>
    <ClInclude Include="TabbedControlPanel.h">
      <Filter>Header Files</Filter>
    </ClInclude>
    <ClInclude Include="WndCharImage.h">
      <Filter>Header Files</Filter>
    </ClInclude>
    <ClInclude Include="WndGraphicMSE.h">
      <Filter>Header Files</Filter>
    </ClInclude>
    <ClInclude Include="WndNeuronViewer.h">
      <Filter>Header Files</Filter>
    </ClInclude>
  </ItemGroup>
  <ItemGroup>
    <Image Include="res\MNist.ico">
      <Filter>Resource Files</Filter>
    </Image>
    <Image Include="res\MNistDoc.ico">
      <Filter>Resource Files</Filter>
    </Image>
    <Image Include="res\TabControlIcons-17x17-24bit.bmp">
      <Filter>Resource Files</Filter>
    </Image>
    <Image Include="res\Toolbar.bmp">
      <Filter>Resource Files</Filter>
    </Image>
  </ItemGroup>
  <ItemGroup>
    <Text Include="ReadMe.txt" />
  </ItemGroup>
  <ItemGroup>
    <Manifest Include="res\YourApp.exe.manifest" />
  </ItemGroup>
  <ItemGroup>
    <CustomBuild Include="res\MNist.rc2">
      <Filter>Resource Files</Filter>
    </CustomBuild>
    <CustomBuild Include="res\default-ini.ini" />
  </ItemGroup>
</Project>